
Microsoft Visual Studio Solution File, Format Version 12.00
# Visual Studio 15
VisualStudioVersion = 15.0.27130.2027
MinimumVisualStudioVersion = 10.0.40219.1
Project("{9A19103F-16F7-4668-BE54-9A1E7A4F7556}") = "UserRegService", "Chapter8\UserRegService.csproj", "{648484A1-4524-4949-B898-0E772D1BA5EB}"
EndProject
Project("{9A19103F-16F7-4668-BE54-9A1E7A4F7556}") = "EmailService", "EmailService\EmailService.csproj", "{6BD7EC92-09C3-43FD-950D-916F05E59B71}"
EndProject
Project("{9A19103F-16F7-4668-BE54-9A1E7A4F7556}") = "HealthCheckMonitoringApp", "HealthCheckMonitoringApp\HealthCheckMonitoringApp.csproj", "{511108BF-EB2F-4CF2-AA53-B3479DADD24E}"
EndProject
Project("{FAE04EC0-301F-11D3-BF4B-00C04F79EFBC}") = "SecurityApp", "SecurityApp\SecurityApp.csproj", "{01840529-CEAD-4096-A73E-6D8A33AF9BC4}"
EndProject
Project("{FAE04EC0-301F-11D3-BF4B-00C04F79EFBC}") = "SecureWebApp", "SecureWebApp\SecureWebApp.csproj", "{81E029EC-A5A4-4FDC-A2EF-240CB0C860CA}"
EndProject
Global
	GlobalSection(SolutionConfigurationPlatforms) = preSolution
		Debug|Any CPU = Debug|Any CPU
		Release|Any CPU = Release|Any CPU
	EndGlobalSection
	GlobalSection(ProjectConfigurationPlatforms) = postSolution
		{648484A1-4524-4949-B898-0E772D1BA5EB}.Debug|Any CPU.ActiveCfg = Debug|Any CPU
		{648484A1-4524-4949-B898-0E772D1BA5EB}.Debug|Any CPU.Build.0 = Debug|Any CPU
		{648484A1-4524-4949-B898-0E772D1BA5EB}.Release|Any CPU.ActiveCfg = Release|Any CPU
		{648484A1-4524-4949-B898-0E772D1BA5EB}.Release|Any CPU.Build.0 = Release|Any CPU
		{6BD7EC92-09C3-43FD-950D-916F05E59B71}.Debug|Any CPU.ActiveCfg = Debug|Any CPU
		{6BD7EC92-09C3-43FD-950D-916F05E59B71}.Debug|Any CPU.Build.0 = Debug|Any CPU
		{6BD7EC92-09C3-43FD-950D-916F05E59B71}.Release|Any CPU.ActiveCfg = Release|Any CPU
		{6BD7EC92-09C3-43FD-950D-916F05E59B71}.Release|Any CPU.Build.0 = Release|Any CPU
		{511108BF-EB2F-4CF2-AA53-B3479DADD24E}.Debug|Any CPU.ActiveCfg = Debug|Any CPU
		{511108BF-EB2F-4CF2-AA53-B3479DADD24E}.Debug|Any CPU.Build.0 = Debug|Any CPU
		{511108BF-EB2F-4CF2-AA53-B3479DADD24E}.Release|Any CPU.ActiveCfg = Release|Any CPU
		{511108BF-EB2F-4CF2-AA53-B3479DADD24E}.Release|Any CPU.Build.0 = Release|Any CPU
		{01840529-CEAD-4096-A73E-6D8A33AF9BC4}.Debug|Any CPU.ActiveCfg = Debug|Any CPU
		{01840529-CEAD-4096-A73E-6D8A33AF9BC4}.Debug|Any CPU.Build.0 = Debug|Any CPU
		{01840529-CEAD-4096-A73E-6D8A33AF9BC4}.Release|Any CPU.ActiveCfg = Release|Any CPU
		{01840529-CEAD-4096-A73E-6D8A33AF9BC4}.Release|Any CPU.Build.0 = Release|Any CPU
		{81E029EC-A5A4-4FDC-A2EF-240CB0C860CA}.Debug|Any CPU.ActiveCfg = Debug|Any CPU
		{81E029EC-A5A4-4FDC-A2EF-240CB0C860CA}.Debug|Any CPU.Build.0 = Debug|Any CPU
		{81E029EC-A5A4-4FDC-A2EF-240CB0C860CA}.Release|Any CPU.ActiveCfg = Release|Any CPU
		{81E029EC-A5A4-4FDC-A2EF-240CB0C860CA}.Release|Any CPU.Build.0 = Release|Any CPU
	EndGlobalSection
	GlobalSection(SolutionProperties) = preSolution
		HideSolutionNode = FALSE
	EndGlobalSection
	GlobalSection(ExtensibilityGlobals) = postSolution
		SolutionGuid = {147262E2-099C-4570-A448-41585479F2AA}
	EndGlobalSection
EndGlobal
